
Microsoft Visual Studio Solution File, Format Version 12.00
# Visual Studio 14
VisualStudioVersion = 14.0.25420.1
MinimumVisualStudioVersion = 10.0.40219.1
Project("{FAE04EC0-301F-11D3-BF4B-00C04F79EFBC}") = "C_sharp_exercice01", "C_sharp_exercice\C_sharp_exercice01.csproj", "{30F8E314-03DF-4136-B1DF-038C8B78D93A}"
EndProject
Project("{FAE04EC0-301F-11D3-BF4B-00C04F79EFBC}") = "exercice02", "exercice02\exercice02.csproj", "{76C45A5D-6CBE-4481-A4E3-330FBDA84680}"
EndProject
Project("{FAE04EC0-301F-11D3-BF4B-00C04F79EFBC}") = "exercice03", "exercice03\exercice03.csproj", "{484D1DE6-2691-4454-848F-C00EA52FAD11}"
EndProject
Project("{FAE04EC0-301F-11D3-BF4B-00C04F79EFBC}") = "ex_window_control_01", "ex_window_control_01\ex_window_control_01.csproj", "{31EDCD3D-7075-4E66-ACA3-5F8E05A09C9E}"
EndProject
Project("{FAE04EC0-301F-11D3-BF4B-00C04F79EFBC}") = "ex_window_control_04", "ex_window_control_04\ex_window_control_04.csproj", "{4FFF1C47-DBDB-4747-AAE2-955734122697}"
EndProject
Project("{FAE04EC0-301F-11D3-BF4B-00C04F79EFBC}") = "ex_window_control_03", "ex_window_control_03\ex_window_control_03.csproj", "{96231A43-CE72-4361-8C04-5E07D6B887C1}"
EndProject
Project("{FAE04EC0-301F-11D3-BF4B-00C04F79EFBC}") = "ex_window_control_05", "ex_window_control_05\ex_window_control_05.csproj", "{19C67E9D-0D47-47C2-833B-6DB21D703908}"
EndProject
Project("{FAE04EC0-301F-11D3-BF4B-00C04F79EFBC}") = "labo_01", "labo_01\labo_01.csproj", "{5627DCE0-1C5F-4B74-8912-A649F2D6396B}"
EndProject
Global
	GlobalSection(SolutionConfigurationPlatforms) = preSolution
		Debug|Any CPU = Debug|Any CPU
		Debug|x64 = Debug|x64
		Debug|x86 = Debug|x86
		Release|Any CPU = Release|Any CPU
		Release|x64 = Release|x64
		Release|x86 = Release|x86
	EndGlobalSection
	GlobalSection(ProjectConfigurationPlatforms) = postSolution
		{30F8E314-03DF-4136-B1DF-038C8B78D93A}.Debug|Any CPU.ActiveCfg = Debug|Any CPU
		{30F8E314-03DF-4136-B1DF-038C8B78D93A}.Debug|Any CPU.Build.0 = Debug|Any CPU
		{30F8E314-03DF-4136-B1DF-038C8B78D93A}.Debug|x64.ActiveCfg = Debug|Any CPU
		{30F8E314-03DF-4136-B1DF-038C8B78D93A}.Debug|x64.Build.0 = Debug|Any CPU
		{30F8E314-03DF-4136-B1DF-038C8B78D93A}.Debug|x86.ActiveCfg = Debug|Any CPU
		{30F8E314-03DF-4136-B1DF-038C8B78D93A}.Debug|x86.Build.0 = Debug|Any CPU
		{30F8E314-03DF-4136-B1DF-038C8B78D93A}.Release|Any CPU.ActiveCfg = Release|Any CPU
		{30F8E314-03DF-4136-B1DF-038C8B78D93A}.Release|Any CPU.Build.0 = Release|Any CPU
		{30F8E314-03DF-4136-B1DF-038C8B78D93A}.Release|x64.ActiveCfg = Release|Any CPU
		{30F8E314-03DF-4136-B1DF-038C8B78D93A}.Release|x64.Build.0 = Release|Any CPU
		{30F8E314-03DF-4136-B1DF-038C8B78D93A}.Release|x86.ActiveCfg = Release|Any CPU
		{30F8E314-03DF-4136-B1DF-038C8B78D93A}.Release|x86.Build.0 = Release|Any CPU
		{76C45A5D-6CBE-4481-A4E3-330FBDA84680}.Debug|Any CPU.ActiveCfg = Debug|Any CPU
		{76C45A5D-6CBE-4481-A4E3-330FBDA84680}.Debug|Any CPU.Build.0 = Debug|Any CPU
		{76C45A5D-6CBE-4481-A4E3-330FBDA84680}.Debug|x64.ActiveCfg = Debug|Any CPU
		{76C45A5D-6CBE-4481-A4E3-330FBDA84680}.Debug|x64.Build.0 = Debug|Any CPU
		{76C45A5D-6CBE-4481-A4E3-330FBDA84680}.Debug|x86.ActiveCfg = Debug|Any CPU
		{76C45A5D-6CBE-4481-A4E3-330FBDA84680}.Debug|x86.Build.0 = Debug|Any CPU
		{76C45A5D-6CBE-4481-A4E3-330FBDA84680}.Release|Any CPU.ActiveCfg = Release|Any CPU
		{76C45A5D-6CBE-4481-A4E3-330FBDA84680}.Release|Any CPU.Build.0 = Release|Any CPU
		{76C45A5D-6CBE-4481-A4E3-330FBDA84680}.Release|x64.ActiveCfg = Release|Any CPU
		{76C45A5D-6CBE-4481-A4E3-330FBDA84680}.Release|x64.Build.0 = Release|Any CPU
		{76C45A5D-6CBE-4481-A4E3-330FBDA84680}.Release|x86.ActiveCfg = Release|Any CPU
		{76C45A5D-6CBE-4481-A4E3-330FBDA84680}.Release|x86.Build.0 = Release|Any CPU
		{484D1DE6-2691-4454-848F-C00EA52FAD11}.Debug|Any CPU.ActiveCfg = Debug|Any CPU
		{484D1DE6-2691-4454-848F-C00EA52FAD11}.Debug|Any CPU.Build.0 = Debug|Any CPU
		{484D1DE6-2691-4454-848F-C00EA52FAD11}.Debug|x64.ActiveCfg = Debug|Any CPU
		{484D1DE6-2691-4454-848F-C00EA52FAD11}.Debug|x64.Build.0 = Debug|Any CPU
		{484D1DE6-2691-4454-848F-C00EA52FAD11}.Debug|x86.ActiveCfg = Debug|Any CPU
		{484D1DE6-2691-4454-848F-C00EA52FAD11}.Debug|x86.Build.0 = Debug|Any CPU
		{484D1DE6-2691-4454-848F-C00EA52FAD11}.Release|Any CPU.ActiveCfg = Release|Any CPU
		{484D1DE6-2691-4454-848F-C00EA52FAD11}.Release|Any CPU.Build.0 = Release|Any CPU
		{484D1DE6-2691-4454-848F-C00EA52FAD11}.Release|x64.ActiveCfg = Release|Any CPU
		{484D1DE6-2691-4454-848F-C00EA52FAD11}.Release|x64.Build.0 = Release|Any CPU
		{484D1DE6-2691-4454-848F-C00EA52FAD11}.Release|x86.ActiveCfg = Release|Any CPU
		{484D1DE6-2691-4454-848F-C00EA52FAD11}.Release|x86.Build.0 = Release|Any CPU
		{31EDCD3D-7075-4E66-ACA3-5F8E05A09C9E}.Debug|Any CPU.ActiveCfg = Debug|Any CPU
		{31EDCD3D-7075-4E66-ACA3-5F8E05A09C9E}.Debug|Any CPU.Build.0 = Debug|Any CPU
		{31EDCD3D-7075-4E66-ACA3-5F8E05A09C9E}.Debug|x64.ActiveCfg = Debug|Any CPU
		{31EDCD3D-7075-4E66-ACA3-5F8E05A09C9E}.Debug|x64.Build.0 = Debug|Any CPU
		{31EDCD3D-7075-4E66-ACA3-5F8E05A09C9E}.Debug|x86.ActiveCfg = Debug|Any CPU
		{31EDCD3D-7075-4E66-ACA3-5F8E05A09C9E}.Debug|x86.Build.0 = Debug|Any CPU
		{31EDCD3D-7075-4E66-ACA3-5F8E05A09C9E}.Release|Any CPU.ActiveCfg = Release|Any CPU
		{31EDCD3D-7075-4E66-ACA3-5F8E05A09C9E}.Release|Any CPU.Build.0 = Release|Any CPU
		{31EDCD3D-7075-4E66-ACA3-5F8E05A09C9E}.Release|x64.ActiveCfg = Release|Any CPU
		{31EDCD3D-7075-4E66-ACA3-5F8E05A09C9E}.Release|x64.Build.0 = Release|Any CPU
		{31EDCD3D-7075-4E66-ACA3-5F8E05A09C9E}.Release|x86.ActiveCfg = Release|Any CPU
		{31EDCD3D-7075-4E66-ACA3-5F8E05A09C9E}.Release|x86.Build.0 = Release|Any CPU
		{4FFF1C47-DBDB-4747-AAE2-955734122697}.Debug|Any CPU.ActiveCfg = Debug|Any CPU
		{4FFF1C47-DBDB-4747-AAE2-955734122697}.Debug|Any CPU.Build.0 = Debug|Any CPU
		{4FFF1C47-DBDB-4747-AAE2-955734122697}.Debug|x64.ActiveCfg = Debug|Any CPU
		{4FFF1C47-DBDB-4747-AAE2-955734122697}.Debug|x64.Build.0 = Debug|Any CPU
		{4FFF1C47-DBDB-4747-AAE2-955734122697}.Debug|x86.ActiveCfg = Debug|Any CPU
		{4FFF1C47-DBDB-4747-AAE2-955734122697}.Debug|x86.Build.0 = Debug|Any CPU
		{4FFF1C47-DBDB-4747-AAE2-955734122697}.Release|Any CPU.ActiveCfg = Release|Any CPU
		{4FFF1C47-DBDB-4747-AAE2-955734122697}.Release|Any CPU.Build.0 = Release|Any CPU
		{4FFF1C47-DBDB-4747-AAE2-955734122697}.Release|x64.ActiveCfg = Release|Any CPU
		{4FFF1C47-DBDB-4747-AAE2-955734122697}.Release|x64.Build.0 = Release|Any CPU
		{4FFF1C47-DBDB-4747-AAE2-955734122697}.Release|x86.ActiveCfg = Release|Any CPU
		{4FFF1C47-DBDB-4747-AAE2-955734122697}.Release|x86.Build.0 = Release|Any CPU
		{96231A43-CE72-4361-8C04-5E07D6B887C1}.Debug|Any CPU.ActiveCfg = Debug|Any CPU
		{96231A43-CE72-4361-8C04-5E07D6B887C1}.Debug|Any CPU.Build.0 = Debug|Any CPU
		{96231A43-CE72-4361-8C04-5E07D6B887C1}.Debug|x64.ActiveCfg = Debug|Any CPU
		{96231A43-CE72-4361-8C04-5E07D6B887C1}.Debug|x64.Build.0 = Debug|Any CPU
		{96231A43-CE72-4361-8C04-5E07D6B887C1}.Debug|x86.ActiveCfg = Debug|Any CPU
		{96231A43-CE72-4361-8C04-5E07D6B887C1}.Debug|x86.Build.0 = Debug|Any CPU
		{96231A43-CE72-4361-8C04-5E07D6B887C1}.Release|Any CPU.ActiveCfg = Release|Any CPU
		{96231A43-CE72-4361-8C04-5E07D6B887C1}.Release|Any CPU.Build.0 = Release|Any CPU
		{96231A43-CE72-4361-8C04-5E07D6B887C1}.Release|x64.ActiveCfg = Release|Any CPU
		{96231A43-CE72-4361-8C04-5E07D6B887C1}.Release|x64.Build.0 = Release|Any CPU
		{96231A43-CE72-4361-8C04-5E07D6B887C1}.Release|x86.ActiveCfg = Release|Any CPU
		{96231A43-CE72-4361-8C04-5E07D6B887C1}.Release|x86.Build.0 = Release|Any CPU
		{19C67E9D-0D47-47C2-833B-6DB21D703908}.Debug|Any CPU.ActiveCfg = Debug|Any CPU
		{19C67E9D-0D47-47C2-833B-6DB21D703908}.Debug|Any CPU.Build.0 = Debug|Any CPU
		{19C67E9D-0D47-47C2-833B-6DB21D703908}.Debug|x64.ActiveCfg = Debug|Any CPU
		{19C67E9D-0D47-47C2-833B-6DB21D703908}.Debug|x64.Build.0 = Debug|Any CPU
		{19C67E9D-0D47-47C2-833B-6DB21D703908}.Debug|x86.ActiveCfg = Debug|Any CPU
		{19C67E9D-0D47-47C2-833B-6DB21D703908}.Debug|x86.Build.0 = Debug|Any CPU
		{19C67E9D-0D47-47C2-833B-6DB21D703908}.Release|Any CPU.ActiveCfg = Release|Any CPU
		{19C67E9D-0D47-47C2-833B-6DB21D703908}.Release|Any CPU.Build.0 = Release|Any CPU
		{19C67E9D-0D47-47C2-833B-6DB21D703908}.Release|x64.ActiveCfg = Release|Any CPU
		{19C67E9D-0D47-47C2-833B-6DB21D703908}.Release|x64.Build.0 = Release|Any CPU
		{19C67E9D-0D47-47C2-833B-6DB21D703908}.Release|x86.ActiveCfg = Release|Any CPU
		{19C67E9D-0D47-47C2-833B-6DB21D703908}.Release|x86.Build.0 = Release|Any CPU
		{5627DCE0-1C5F-4B74-8912-A649F2D6396B}.Debug|Any CPU.ActiveCfg = Debug|Any CPU
		{5627DCE0-1C5F-4B74-8912-A649F2D6396B}.Debug|Any CPU.Build.0 = Debug|Any CPU
		{5627DCE0-1C5F-4B74-8912-A649F2D6396B}.Debug|x64.ActiveCfg = Debug|Any CPU
		{5627DCE0-1C5F-4B74-8912-A649F2D6396B}.Debug|x64.Build.0 = Debug|Any CPU
		{5627DCE0-1C5F-4B74-8912-A649F2D6396B}.Debug|x86.ActiveCfg = Debug|Any CPU
		{5627DCE0-1C5F-4B74-8912-A649F2D6396B}.Debug|x86.Build.0 = Debug|Any CPU
		{5627DCE0-1C5F-4B74-8912-A649F2D6396B}.Release|Any CPU.ActiveCfg = Release|Any CPU
		{5627DCE0-1C5F-4B74-8912-A649F2D6396B}.Release|Any CPU.Build.0 = Release|Any CPU
		{5627DCE0-1C5F-4B74-8912-A649F2D6396B}.Release|x64.ActiveCfg = Release|Any CPU
		{5627DCE0-1C5F-4B74-8912-A649F2D6396B}.Release|x64.Build.0 = Release|Any CPU
		{5627DCE0-1C5F-4B74-8912-A649F2D6396B}.Release|x86.ActiveCfg = Release|Any CPU
		{5627DCE0-1C5F-4B74-8912-A649F2D6396B}.Release|x86.Build.0 = Release|Any CPU
	EndGlobalSection
	GlobalSection(SolutionProperties) = preSolution
		HideSolutionNode = FALSE
	EndGlobalSection
EndGlobal
